# THIS IS AN AUTOGENERATED FILE. DO NOT EDIT THIS FILE DIRECTLY.
# yarn lockfile v1


uikit@^3.15.21:
  version "3.15.21"
  resolved "https://registry.yarnpkg.com/uikit/-/uikit-3.15.21.tgz#92a7a4acf65c953fd9883f117f55fb8b151711cc"
  integrity sha512-+iHlWVCr/zTJxGdsGWvkWLKIgoZpZSq1fp0Td3O8U5twvVWhrA/no4X6Sx1t7tN9D4LH2WYhBsJyOSJd2KMJNQ==
